
Microsoft Visual Studio Solution File, Format Version 12.00
# Visual Studio Version 17
VisualStudioVersion = 17.11.35303.130
MinimumVisualStudioVersion = 10.0.40219.1
Project("{9A19103F-16F7-4668-BE54-9A1E7A4F7556}") = "BudgetPlanner.Web", "BudgetPlanner.Web\BudgetPlanner.Web.csproj", "{A8D8D64D-6F2E-4C01-9B44-314F8945E615}"
EndProject
Project("{9A19103F-16F7-4668-BE54-9A1E7A4F7556}") = "BudgetPlanner.Api", "BudgetPlanner.Api\BudgetPlanner.Api.csproj", "{4FF1DCA5-0942-40BF-B132-D449D5217185}"
EndProject
Project("{9A19103F-16F7-4668-BE54-9A1E7A4F7556}") = "BudgetPlanner.Models", "BudgetPlanner.Models\BudgetPlanner.Models.csproj", "{3285DC64-3873-4EF6-96FF-1E0A34DD5BE9}"
EndProject
Global
	GlobalSection(SolutionConfigurationPlatforms) = preSolution
		Debug|Any CPU = Debug|Any CPU
		Release|Any CPU = Release|Any CPU
	EndGlobalSection
	GlobalSection(ProjectConfigurationPlatforms) = postSolution
		{A8D8D64D-6F2E-4C01-9B44-314F8945E615}.Debug|Any CPU.ActiveCfg = Debug|Any CPU
		{A8D8D64D-6F2E-4C01-9B44-314F8945E615}.Debug|Any CPU.Build.0 = Debug|Any CPU
		{A8D8D64D-6F2E-4C01-9B44-314F8945E615}.Release|Any CPU.ActiveCfg = Release|Any CPU
		{A8D8D64D-6F2E-4C01-9B44-314F8945E615}.Release|Any CPU.Build.0 = Release|Any CPU
		{4FF1DCA5-0942-40BF-B132-D449D5217185}.Debug|Any CPU.ActiveCfg = Debug|Any CPU
		{4FF1DCA5-0942-40BF-B132-D449D5217185}.Debug|Any CPU.Build.0 = Debug|Any CPU
		{4FF1DCA5-0942-40BF-B132-D449D5217185}.Release|Any CPU.ActiveCfg = Release|Any CPU
		{4FF1DCA5-0942-40BF-B132-D449D5217185}.Release|Any CPU.Build.0 = Release|Any CPU
		{3285DC64-3873-4EF6-96FF-1E0A34DD5BE9}.Debug|Any CPU.ActiveCfg = Debug|Any CPU
		{3285DC64-3873-4EF6-96FF-1E0A34DD5BE9}.Debug|Any CPU.Build.0 = Debug|Any CPU
		{3285DC64-3873-4EF6-96FF-1E0A34DD5BE9}.Release|Any CPU.ActiveCfg = Release|Any CPU
		{3285DC64-3873-4EF6-96FF-1E0A34DD5BE9}.Release|Any CPU.Build.0 = Release|Any CPU
	EndGlobalSection
	GlobalSection(SolutionProperties) = preSolution
		HideSolutionNode = FALSE
	EndGlobalSection
	GlobalSection(ExtensibilityGlobals) = postSolution
		SolutionGuid = {11B509F1-DC61-4C9E-82AC-7CE1E1AAACAF}
	EndGlobalSection
EndGlobal
